
Microsoft Visual Studio Solution File, Format Version 12.00
Project("{FAE04EC0-301F-11D3-BF4B-00C04F79EFBC}") = "Showcase", "Showcase\Showcase.csproj", "{D652AAFC-E470-49AE-BBA5-32F09EB59177}"
EndProject
Global
	GlobalSection(SolutionConfigurationPlatforms) = preSolution
		Debug|Any CPU = Debug|Any CPU
		Release|Any CPU = Release|Any CPU
	EndGlobalSection
	GlobalSection(ProjectConfigurationPlatforms) = postSolution
		{D652AAFC-E470-49AE-BBA5-32F09EB59177}.Debug|Any CPU.ActiveCfg = Debug|Any CPU
		{D652AAFC-E470-49AE-BBA5-32F09EB59177}.Debug|Any CPU.Build.0 = Debug|Any CPU
		{D652AAFC-E470-49AE-BBA5-32F09EB59177}.Release|Any CPU.ActiveCfg = Release|Any CPU
		{D652AAFC-E470-49AE-BBA5-32F09EB59177}.Release|Any CPU.Build.0 = Release|Any CPU
	EndGlobalSection
EndGlobal
